// !$*UTF8*$!
{
	archiveVersion = 1;
	classes = {
	};
	objectVersion = 50;
	objects = {

/* Begin PBXBuildFile section */
		9A6CF38125E1A1D3004978D8 /* AppDelegate.swift in Sources */ = {isa = PBXBuildFile; fileRef = 9A6CF38025E1A1D3004978D8 /* AppDelegate.swift */; };
		9A6CF38325E1A1D3004978D8 /* SceneDelegate.swift in Sources */ = {isa = PBXBuildFile; fileRef = 9A6CF38225E1A1D3004978D8 /* SceneDelegate.swift */; };
		9A6CF38525E1A1D3004978D8 /* ViewController.swift in Sources */ = {isa = PBXBuildFile; fileRef = 9A6CF38425E1A1D3004978D8 /* ViewController.swift */; };
		9A6CF38825E1A1D3004978D8 /* Main.storyboard in Resources */ = {isa = PBXBuildFile; fileRef = 9A6CF38625E1A1D3004978D8 /* Main.storyboard */; };
		9A6CF38A25E1A1D7004978D8 /* Assets.xcassets in Resources */ = {isa = PBXBuildFile; fileRef = 9A6CF38925E1A1D7004978D8 /* Assets.xcassets */; };
		9A6CF38D25E1A1D7004978D8 /* LaunchScreen.storyboard in Resources */ = {isa = PBXBuildFile; fileRef = 9A6CF38B25E1A1D7004978D8 /* LaunchScreen.storyboard */; };
		9A6CF39825E1A1D7004978D8 /* FlashcardsTests.swift in Sources */ = {isa = PBXBuildFile; fileRef = 9A6CF39725E1A1D7004978D8 /* FlashcardsTests.swift */; };
		9A6CF3A325E1A1D7004978D8 /* FlashcardsUITests.swift in Sources */ = {isa = PBXBuildFile; fileRef = 9A6CF3A225E1A1D7004978D8 /* FlashcardsUITests.swift */; };
/* End PBXBuildFile section */

/* Begin PBXContainerItemProxy section */
		9A6CF39425E1A1D7004978D8 /* PBXContainerItemProxy */ = {
			isa = PBXContainerItemProxy;
			containerPortal = 9A6CF37525E1A1D3004978D8 /* Project object */;
			proxyType = 1;
			remoteGlobalIDString = 9A6CF37C25E1A1D3004978D8;
			remoteInfo = Flashcards;
		};
		9A6CF39F25E1A1D7004978D8 /* PBXContainerItemProxy */ = {
			isa = PBXContainerItemProxy;
			containerPortal = 9A6CF37525E1A1D3004978D8 /* Project object */;
			proxyType = 1;
			remoteGlobalIDString = 9A6CF37C25E1A1D3004978D8;
			remoteInfo = Flashcards;
		};
/* End PBXContainerItemProxy section */

/* Begin PBXFileReference section */
		9A6CF37D25E1A1D3004978D8 /* Flashcards.app */ = {isa = PBXFileReference; explicitFileType = wrapper.application; includeInIndex = 0; path = Flashcards.app; sourceTree = BUILT_PRODUCTS_DIR; };
		9A6CF38025E1A1D3004978D8 /* AppDelegate.swift */ = {isa = PBXFileReference; lastKnownFileType = sourcecode.swift; path = AppDelegate.swift; sourceTree = "<group>"; };
		9A6CF38225E1A1D3004978D8 /* SceneDelegate.swift */ = {isa = PBXFileReference; lastKnownFileType = sourcecode.swift; path = SceneDelegate.swift; sourceTree = "<group>"; };
		9A6CF38425E1A1D3004978D8 /* ViewController.swift */ = {isa = PBXFileReference; lastKnownFileType = sourcecode.swift; path = ViewController.swift; sourceTree = "<group>"; };
		9A6CF38725E1A1D3004978D8 /* Base */ = {isa = PBXFileReference; lastKnownFileType = file.storyboard; name = Base; path = Base.lproj/Main.storyboard; sourceTree = "<group>"; };
		9A6CF38925E1A1D7004978D8 /* Assets.xcassets */ = {isa = PBXFileReference; lastKnownFileType = folder.assetcatalog; path = Assets.xcassets; sourceTree = "<group>"; };
		9A6CF38C25E1A1D7004978D8 /* Base */ = {isa = PBXFileReference; lastKnownFileType = file.storyboard; name = Base; path = Base.lproj/LaunchScreen.storyboard; sourceTree = "<group>"; };
		9A6CF38E25E1A1D7004978D8 /* Info.plist */ = {isa = PBXFileReference; lastKnownFileType = text.plist.xml; path = Info.plist; sourceTree = "<group>"; };
		9A6CF39325E1A1D7004978D8 /* FlashcardsTests.xctest */ = {isa = PBXFileReference; explicitFileType = wrapper.cfbundle; includeInIndex = 0; path = FlashcardsTests.xctest; sourceTree = BUILT_PRODUCTS_DIR; };
		9A6CF39725E1A1D7004978D8 /* FlashcardsTests.swift */ = {isa = PBXFileReference; lastKnownFileType = sourcecode.swift; path = FlashcardsTests.swift; sourceTree = "<group>"; };
		9A6CF39925E1A1D7004978D8 /* Info.plist */ = {isa = PBXFileReference; lastKnownFileType = text.plist.xml; path = Info.plist; sourceTree = "<group>"; };
		9A6CF39E25E1A1D7004978D8 /* FlashcardsUITests.xctest */ = {isa = PBXFileReference; explicitFileType = wrapper.cfbundle; includeInIndex = 0; path = FlashcardsUITests.xctest; sourceTree = BUILT_PRODUCTS_DIR; };
		9A6CF3A225E1A1D7004978D8 /* FlashcardsUITests.swift */ = {isa = PBXFileReference; lastKnownFileType = sourcecode.swift; path = FlashcardsUITests.swift; sourceTree = "<group>"; };
		9A6CF3A425E1A1D7004978D8 /* Info.plist */ = {isa = PBXFileReference; lastKnownFileType = text.plist.xml; path = Info.plist; sourceTree = "<group>"; };
/* End PBXFileReference section */

/* Begin PBXFrameworksBuildPhase section */
		9A6CF37A25E1A1D3004978D8 /* Frameworks */ = {
			isa = PBXFrameworksBuildPhase;
			buildActionMask = 2147483647;
			files = (
			);
			runOnlyForDeploymentPostprocessing = 0;
		};
		9A6CF39025E1A1D7004978D8 /* Frameworks */ = {
			isa = PBXFrameworksBuildPhase;
			buildActionMask = 2147483647;
			files = (
			);
			runOnlyForDeploymentPostprocessing = 0;
		};
		9A6CF39B25E1A1D7004978D8 /* Frameworks */ = {
			isa = PBXFrameworksBuildPhase;
			buildActionMask = 2147483647;
			files = (
			);
			runOnlyForDeploymentPostprocessing = 0;
		};
/* End PBXFrameworksBuildPhase section */

/* Begin PBXGroup section */
		9A6CF37425E1A1D3004978D8 = {
			isa = PBXGroup;
			children = (
				9A6CF37F25E1A1D3004978D8 /* Flashcards */,
				9A6CF39625E1A1D7004978D8 /* FlashcardsTests */,
				9A6CF3A125E1A1D7004978D8 /* FlashcardsUITests */,
				9A6CF37E25E1A1D3004978D8 /* Products */,
			);
			sourceTree = "<group>";
		};
		9A6CF37E25E1A1D3004978D8 /* Products */ = {
			isa = PBXGroup;
			children = (
				9A6CF37D25E1A1D3004978D8 /* Flashcards.app */,
				9A6CF39325E1A1D7004978D8 /* FlashcardsTests.xctest */,
				9A6CF39E25E1A1D7004978D8 /* FlashcardsUITests.xctest */,
			);
			name = Products;
			sourceTree = "<group>";
		};
		9A6CF37F25E1A1D3004978D8 /* Flashcards */ = {
			isa = PBXGroup;
			children = (
				9A6CF38025E1A1D3004978D8 /* AppDelegate.swift */,
				9A6CF38225E1A1D3004978D8 /* SceneDelegate.swift */,
				9A6CF38425E1A1D3004978D8 /* ViewController.swift */,
				9A6CF38625E1A1D3004978D8 /* Main.storyboard */,
				9A6CF38925E1A1D7004978D8 /* Assets.xcassets */,
				9A6CF38B25E1A1D7004978D8 /* LaunchScreen.storyboard */,
				9A6CF38E25E1A1D7004978D8 /* Info.plist */,
			);
			path = Flashcards;
			sourceTree = "<group>";
		};
		9A6CF39625E1A1D7004978D8 /* FlashcardsTests */ = {
			isa = PBXGroup;
			children = (
				9A6CF39725E1A1D7004978D8 /* FlashcardsTests.swift */,
				9A6CF39925E1A1D7004978D8 /* Info.plist */,
			);
			path = FlashcardsTests;
			sourceTree = "<group>";
		};
		9A6CF3A125E1A1D7004978D8 /* FlashcardsUITests */ = {
			isa = PBXGroup;
			children = (
				9A6CF3A225E1A1D7004978D8 /* FlashcardsUITests.swift */,
				9A6CF3A425E1A1D7004978D8 /* Info.plist */,
			);
			path = FlashcardsUITests;
			sourceTree = "<group>";
		};
/* End PBXGroup section */

/* Begin PBXNativeTarget section */
		9A6CF37C25E1A1D3004978D8 /* Flashcards */ = {
			isa = PBXNativeTarget;
			buildConfigurationList = 9A6CF3A725E1A1D8004978D8 /* Build configuration list for PBXNativeTarget "Flashcards" */;
			buildPhases = (
				9A6CF37925E1A1D3004978D8 /* Sources */,
				9A6CF37A25E1A1D3004978D8 /* Frameworks */,
				9A6CF37B25E1A1D3004978D8 /* Resources */,
			);
			buildRules = (
			);
			dependencies = (
			);
			name = Flashcards;
			productName = Flashcards;
			productReference = 9A6CF37D25E1A1D3004978D8 /* Flashcards.app */;
			productType = "com.apple.product-type.application";
		};
		9A6CF39225E1A1D7004978D8 /* FlashcardsTests */ = {
			isa = PBXNativeTarget;
			buildConfigurationList = 9A6CF3AA25E1A1D8004978D8 /* Build configuration list for PBXNativeTarget "FlashcardsTests" */;
			buildPhases = (
				9A6CF38F25E1A1D7004978D8 /* Sources */,
				9A6CF39025E1A1D7004978D8 /* Frameworks */,
				9A6CF39125E1A1D7004978D8 /* Resources */,
			);
			buildRules = (
			);
			dependencies = (
				9A6CF39525E1A1D7004978D8 /* PBXTargetDependency */,
			);
			name = FlashcardsTests;
			productName = FlashcardsTests;
			productReference = 9A6CF39325E1A1D7004978D8 /* FlashcardsTests.xctest */;
			productType = "com.apple.product-type.bundle.unit-test";
		};
		9A6CF39D25E1A1D7004978D8 /* FlashcardsUITests */ = {
			isa = PBXNativeTarget;
			buildConfigurationList = 9A6CF3AD25E1A1D8004978D8 /* Build configuration list for PBXNativeTarget "FlashcardsUITests" */;
			buildPhases = (
				9A6CF39A25E1A1D7004978D8 /* Sources */,
				9A6CF39B25E1A1D7004978D8 /* Frameworks */,
				9A6CF39C25E1A1D7004978D8 /* Resources */,
			);
			buildRules = (
			);
			dependencies = (
				9A6CF3A025E1A1D7004978D8 /* PBXTargetDependency */,
			);
			name = FlashcardsUITests;
			productName = FlashcardsUITests;
			productReference = 9A6CF39E25E1A1D7004978D8 /* FlashcardsUITests.xctest */;
			productType = "com.apple.product-type.bundle.ui-testing";
		};
/* End PBXNativeTarget section */

/* Begin PBXProject section */
		9A6CF37525E1A1D3004978D8 /* Project object */ = {
			isa = PBXProject;
			attributes = {
				LastSwiftUpdateCheck = 1230;
				LastUpgradeCheck = 1230;
				TargetAttributes = {
					9A6CF37C25E1A1D3004978D8 = {
						CreatedOnToolsVersion = 12.3;
					};
					9A6CF39225E1A1D7004978D8 = {
						CreatedOnToolsVersion = 12.3;
						TestTargetID = 9A6CF37C25E1A1D3004978D8;
					};
					9A6CF39D25E1A1D7004978D8 = {
						CreatedOnToolsVersion = 12.3;
						TestTargetID = 9A6CF37C25E1A1D3004978D8;
					};
				};
			};
			buildConfigurationList = 9A6CF37825E1A1D3004978D8 /* Build configuration list for PBXProject "Flashcards" */;
			compatibilityVersion = "Xcode 9.3";
			developmentRegion = en;
			hasScannedForEncodings = 0;
			knownRegions = (
				en,
				Base,
			);
			mainGroup = 9A6CF37425E1A1D3004978D8;
			productRefGroup = 9A6CF37E25E1A1D3004978D8 /* Products */;
			projectDirPath = "";
			projectRoot = "";
			targets = (
				9A6CF37C25E1A1D3004978D8 /* Flashcards */,
				9A6CF39225E1A1D7004978D8 /* FlashcardsTests */,
				9A6CF39D25E1A1D7004978D8 /* FlashcardsUITests */,
			);
		};
/* End PBXProject section */

/* Begin PBXResourcesBuildPhase section */
		9A6CF37B25E1A1D3004978D8 /* Resources */ = {
			isa = PBXResourcesBuildPhase;
			buildActionMask = 2147483647;
			files = (
				9A6CF38D25E1A1D7004978D8 /* LaunchScreen.storyboard in Resources */,
				9A6CF38A25E1A1D7004978D8 /* Assets.xcassets in Resources */,
				9A6CF38825E1A1D3004978D8 /* Main.storyboard in Resources */,
			);
			runOnlyForDeploymentPostprocessing = 0;
		};
		9A6CF39125E1A1D7004978D8 /* Resources */ = {
			isa = PBXResourcesBuildPhase;
			buildActionMask = 2147483647;
			files = (
			);
			runOnlyForDeploymentPostprocessing = 0;
		};
		9A6CF39C25E1A1D7004978D8 /* Resources */ = {
			isa = PBXResourcesBuildPhase;
			buildActionMask = 2147483647;
			files = (
			);
			runOnlyForDeploymentPostprocessing = 0;
		};
/* End PBXResourcesBuildPhase section */

/* Begin PBXSourcesBuildPhase section */
		9A6CF37925E1A1D3004978D8 /* Sources */ = {
			isa = PBXSourcesBuildPhase;
			buildActionMask = 2147483647;
			files = (
				9A6CF38525E1A1D3004978D8 /* ViewController.swift in Sources */,
				9A6CF38125E1A1D3004978D8 /* AppDelegate.swift in Sources */,
				9A6CF38325E1A1D3004978D8 /* SceneDelegate.swift in Sources */,
			);
			runOnlyForDeploymentPostprocessing = 0;
		};
		9A6CF38F25E1A1D7004978D8 /* Sources */ = {
			isa = PBXSourcesBuildPhase;
			buildActionMask = 2147483647;
			files = (
				9A6CF39825E1A1D7004978D8 /* FlashcardsTests.swift in Sources */,
			);
			runOnlyForDeploymentPostprocessing = 0;
		};
		9A6CF39A25E1A1D7004978D8 /* Sources */ = {
			isa = PBXSourcesBuildPhase;
			buildActionMask = 2147483647;
			files = (
				9A6CF3A325E1A1D7004978D8 /* FlashcardsUITests.swift in Sources */,
			);
			runOnlyForDeploymentPostprocessing = 0;
		};
/* End PBXSourcesBuildPhase section */

/* Begin PBXTargetDependency section */
		9A6CF39525E1A1D7004978D8 /* PBXTargetDependency */ = {
			isa = PBXTargetDependency;
			target = 9A6CF37C25E1A1D3004978D8 /* Flashcards */;
			targetProxy = 9A6CF39425E1A1D7004978D8 /* PBXContainerItemProxy */;
		};
		9A6CF3A025E1A1D7004978D8 /* PBXTargetDependency */ = {
			isa = PBXTargetDependency;
			target = 9A6CF37C25E1A1D3004978D8 /* Flashcards */;
			targetProxy = 9A6CF39F25E1A1D7004978D8 /* PBXContainerItemProxy */;
		};
/* End PBXTargetDependency section */

/* Begin PBXVariantGroup section */
		9A6CF38625E1A1D3004978D8 /* Main.storyboard */ = {
			isa = PBXVariantGroup;
			children = (
				9A6CF38725E1A1D3004978D8 /* Base */,
			);
			name = Main.storyboard;
			sourceTree = "<group>";
		};
		9A6CF38B25E1A1D7004978D8 /* LaunchScreen.storyboard */ = {
			isa = PBXVariantGroup;
			children = (
				9A6CF38C25E1A1D7004978D8 /* Base */,
			);
			name = LaunchScreen.storyboard;
			sourceTree = "<group>";
		};
/* End PBXVariantGroup section */

/* Begin XCBuildConfiguration section */
		9A6CF3A525E1A1D8004978D8 /* Debug */ = {
			isa = XCBuildConfiguration;
			buildSettings = {
				ALWAYS_SEARCH_USER_PATHS = NO;
				CLANG_ANALYZER_NONNULL = YES;
				CLANG_ANALYZER_NUMBER_OBJECT_CONVERSION = YES_AGGRESSIVE;
				CLANG_CXX_LANGUAGE_STANDARD = "gnu++14";
				CLANG_CXX_LIBRARY = "libc++";
				CLANG_ENABLE_MODULES = YES;
				CLANG_ENABLE_OBJC_ARC = YES;
				CLANG_ENABLE_OBJC_WEAK = YES;
				CLANG_WARN_BLOCK_CAPTURE_AUTORELEASING = YES;
				CLANG_WARN_BOOL_CONVERSION = YES;
				CLANG_WARN_COMMA = YES;
				CLANG_WARN_CONSTANT_CONVERSION = YES;
				CLANG_WARN_DEPRECATED_OBJC_IMPLEMENTATIONS = YES;
				CLANG_WARN_DIRECT_OBJC_ISA_USAGE = YES_ERROR;
				CLANG_WARN_DOCUMENTATION_COMMENTS = YES;
				CLANG_WARN_EMPTY_BODY = YES;
				CLANG_WARN_ENUM_CONVERSION = YES;
				CLANG_WARN_INFINITE_RECURSION = YES;
				CLANG_WARN_INT_CONVERSION = YES;
				CLANG_WARN_NON_LITERAL_NULL_CONVERSION = YES;
				CLANG_WARN_OBJC_IMPLICIT_RETAIN_SELF = YES;
				CLANG_WARN_OBJC_LITERAL_CONVERSION = YES;
				CLANG_WARN_OBJC_ROOT_CLASS = YES_ERROR;
				CLANG_WARN_QUOTED_INCLUDE_IN_FRAMEWORK_HEADER = YES;
				CLANG_WARN_RANGE_LOOP_ANALYSIS = YES;
				CLANG_WARN_STRICT_PROTOTYPES = YES;
				CLANG_WARN_SUSPICIOUS_MOVE = YES;
				CLANG_WARN_UNGUARDED_AVAILABILITY = YES_AGGRESSIVE;
				CLANG_WARN_UNREACHABLE_CODE = YES;
				CLANG_WARN__DUPLICATE_METHOD_MATCH = YES;
				COPY_PHASE_STRIP = NO;
				DEBUG_INFORMATION_FORMAT = dwarf;
				ENABLE_STRICT_OBJC_MSGSEND = YES;
				ENABLE_TESTABILITY = YES;
				GCC_C_LANGUAGE_STANDARD = gnu11;
				GCC_DYNAMIC_NO_PIC = NO;
				GCC_NO_COMMON_BLOCKS = YES;
				GCC_OPTIMIZATION_LEVEL = 0;
				GCC_PREPROCESSOR_DEFINITIONS = (
					"DEBUG=1",
					"$(inherited)",
				);
				GCC_WARN_64_TO_32_BIT_CONVERSION = YES;
				GCC_WARN_ABOUT_RETURN_TYPE = YES_ERROR;
				GCC_WARN_UNDECLARED_SELECTOR = YES;
				GCC_WARN_UNINITIALIZED_AUTOS = YES_AGGRESSIVE;
				GCC_WARN_UNUSED_FUNCTION = YES;
				GCC_WARN_UNUSED_VARIABLE = YES;
				IPHONEOS_DEPLOYMENT_TARGET = 14.3;
				MTL_ENABLE_DEBUG_INFO = INCLUDE_SOURCE;
				MTL_FAST_MATH = YES;
				ONLY_ACTIVE_ARCH = YES;
				SDKROOT = iphoneos;
				SWIFT_ACTIVE_COMPILATION_CONDITIONS = DEBUG;
				SWIFT_OPTIMIZATION_LEVEL = "-Onone";
			};
			name = Debug;
		};
		9A6CF3A625E1A1D8004978D8 /* Release */ = {
			isa = XCBuildConfiguration;
			buildSettings = {
				ALWAYS_SEARCH_USER_PATHS = NO;
				CLANG_ANALYZER_NONNULL = YES;
				CLANG_ANALYZER_NUMBER_OBJECT_CONVERSION = YES_AGGRESSIVE;
				CLANG_CXX_LANGUAGE_STANDARD = "gnu++14";
				CLANG_CXX_LIBRARY = "libc++";
				CLANG_ENABLE_MODULES = YES;
				CLANG_ENABLE_OBJC_ARC = YES;
				CLANG_ENABLE_OBJC_WEAK = YES;
				CLANG_WARN_BLOCK_CAPTURE_AUTORELEASING = YES;
				CLANG_WARN_BOOL_CONVERSION = YES;
				CLANG_WARN_COMMA = YES;
				CLANG_WARN_CONSTANT_CONVERSION = YES;
				CLANG_WARN_DEPRECATED_OBJC_IMPLEMENTATIONS = YES;
				CLANG_WARN_DIRECT_OBJC_ISA_USAGE = YES_ERROR;
				CLANG_WARN_DOCUMENTATION_COMMENTS = YES;
				CLANG_WARN_EMPTY_BODY = YES;
				CLANG_WARN_ENUM_CONVERSION = YES;
				CLANG_WARN_INFINITE_RECURSION = YES;
				CLANG_WARN_INT_CONVERSION = YES;
				CLANG_WARN_NON_LITERAL_NULL_CONVERSION = YES;
				CLANG_WARN_OBJC_IMPLICIT_RETAIN_SELF = YES;
				CLANG_WARN_OBJC_LITERAL_CONVERSION = YES;
				CLANG_WARN_OBJC_ROOT_CLASS = YES_ERROR;
				CLANG_WARN_QUOTED_INCLUDE_IN_FRAMEWORK_HEADER = YES;
				CLANG_WARN_RANGE_LOOP_ANALYSIS = YES;
				CLANG_WARN_STRICT_PROTOTYPES = YES;
				CLANG_WARN_SUSPICIOUS_MOVE = YES;
				CLANG_WARN_UNGUARDED_AVAILABILITY = YES_AGGRESSIVE;
				CLANG_WARN_UNREACHABLE_CODE = YES;
				CLANG_WARN__DUPLICATE_METHOD_MATCH = YES;
				COPY_PHASE_STRIP = NO;
				DEBUG_INFORMATION_FORMAT = "dwarf-with-dsym";
				ENABLE_NS_ASSERTIONS = NO;
				ENABLE_STRICT_OBJC_MSGSEND = YES;
				GCC_C_LANGUAGE_STANDARD = gnu11;
				GCC_NO_COMMON_BLOCKS = YES;
				GCC_WARN_64_TO_32_BIT_CONVERSION = YES;
				GCC_WARN_ABOUT_RETURN_TYPE = YES_ERROR;
				GCC_WARN_UNDECLARED_SELECTOR = YES;
				GCC_WARN_UNINITIALIZED_AUTOS = YES_AGGRESSIVE;
				GCC_WARN_UNUSED_FUNCTION = YES;
				GCC_WARN_UNUSED_VARIABLE = YES;
				IPHONEOS_DEPLOYMENT_TARGET = 14.3;
				MTL_ENABLE_DEBUG_INFO = NO;
				MTL_FAST_MATH = YES;
				SDKROOT = iphoneos;
				SWIFT_COMPILATION_MODE = wholemodule;
				SWIFT_OPTIMIZATION_LEVEL = "-O";
				VALIDATE_PRODUCT = YES;
			};
			name = Release;
		};
		9A6CF3A825E1A1D8004978D8 /* Debug */ = {
			isa = XCBuildConfiguration;
			buildSettings = {
				ASSETCATALOG_COMPILER_APPICON_NAME = AppIcon;
				ASSETCATALOG_COMPILER_GLOBAL_ACCENT_COLOR_NAME = AccentColor;
				CODE_SIGN_STYLE = Automatic;
				DEVELOPMENT_TEAM = RANVXH6BNH;
				INFOPLIST_FILE = Flashcards/Info.plist;
				LD_RUNPATH_SEARCH_PATHS = (
					"$(inherited)",
					"@executable_path/Frameworks",
				);
				PRODUCT_BUNDLE_IDENTIFIER = com.dilnazzzzz.Flashcards;
				PRODUCT_NAME = "$(TARGET_NAME)";
				SWIFT_VERSION = 5.0;
				TARGETED_DEVICE_FAMILY = "1,2";
			};
			name = Debug;
		};
		9A6CF3A925E1A1D8004978D8 /* Release */ = {
			isa = XCBuildConfiguration;
			buildSettings = {
				ASSETCATALOG_COMPILER_APPICON_NAME = AppIcon;
				ASSETCATALOG_COMPILER_GLOBAL_ACCENT_COLOR_NAME = AccentColor;
				CODE_SIGN_STYLE = Automatic;
				DEVELOPMENT_TEAM = RANVXH6BNH;
				INFOPLIST_FILE = Flashcards/Info.plist;
				LD_RUNPATH_SEARCH_PATHS = (
					"$(inherited)",
					"@executable_path/Frameworks",
				);
				PRODUCT_BUNDLE_IDENTIFIER = com.dilnazzzzz.Flashcards;
				PRODUCT_NAME = "$(TARGET_NAME)";
				SWIFT_VERSION = 5.0;
				TARGETED_DEVICE_FAMILY = "1,2";
			};
			name = Release;
		};
		9A6CF3AB25E1A1D8004978D8 /* Debug */ = {
			isa = XCBuildConfiguration;
			buildSettings = {
				ALWAYS_EMBED_SWIFT_STANDARD_LIBRARIES = YES;
				BUNDLE_LOADER = "$(TEST_HOST)";
				CODE_SIGN_STYLE = Automatic;
				DEVELOPMENT_TEAM = RANVXH6BNH;
				INFOPLIST_FILE = FlashcardsTests/Info.plist;
				IPHONEOS_DEPLOYMENT_TARGET = 14.3;
				LD_RUNPATH_SEARCH_PATHS = (
					"$(inherited)",
					"@executable_path/Frameworks",
					"@loader_path/Frameworks",
				);
				PRODUCT_BUNDLE_IDENTIFIER = com.dilnazzzzz.FlashcardsTests;
				PRODUCT_NAME = "$(TARGET_NAME)";
				SWIFT_VERSION = 5.0;
				TARGETED_DEVICE_FAMILY = "1,2";
				TEST_HOST = "$(BUILT_PRODUCTS_DIR)/Flashcards.app/Flashcards";
			};
			name = Debug;
		};
		9A6CF3AC25E1A1D8004978D8 /* Release */ = {
			isa = XCBuildConfiguration;
			buildSettings = {
				ALWAYS_EMBED_SWIFT_STANDARD_LIBRARIES = YES;
				BUNDLE_LOADER = "$(TEST_HOST)";
				CODE_SIGN_STYLE = Automatic;
				DEVELOPMENT_TEAM = RANVXH6BNH;
				INFOPLIST_FILE = FlashcardsTests/Info.plist;
				IPHONEOS_DEPLOYMENT_TARGET = 14.3;
				LD_RUNPATH_SEARCH_PATHS = (
					"$(inherited)",
					"@executable_path/Frameworks",
					"@loader_path/Frameworks",
				);
				PRODUCT_BUNDLE_IDENTIFIER = com.dilnazzzzz.FlashcardsTests;
				PRODUCT_NAME = "$(TARGET_NAME)";
				SWIFT_VERSION = 5.0;
				TARGETED_DEVICE_FAMILY = "1,2";
				TEST_HOST = "$(BUILT_PRODUCTS_DIR)/Flashcards.app/Flashcards";
			};
			name = Release;
		};
		9A6CF3AE25E1A1D8004978D8 /* Debug */ = {
			isa = XCBuildConfiguration;
			buildSettings = {
				ALWAYS_EMBED_SWIFT_STANDARD_LIBRARIES = YES;
				CODE_SIGN_STYLE = Automatic;
				DEVELOPMENT_TEAM = RANVXH6BNH;
				INFOPLIST_FILE = FlashcardsUITests/Info.plist;
				LD_RUNPATH_SEARCH_PATHS = (
					"$(inherited)",
					"@executable_path/Frameworks",
					"@loader_path/Frameworks",
				);
				PRODUCT_BUNDLE_IDENTIFIER = com.dilnazzzzz.FlashcardsUITests;
				PRODUCT_NAME = "$(TARGET_NAME)";
				SWIFT_VERSION = 5.0;
				TARGETED_DEVICE_FAMILY = "1,2";
				TEST_TARGET_NAME = Flashcards;
			};
			name = Debug;
		};
		9A6CF3AF25E1A1D8004978D8 /* Release */ = {
			isa = XCBuildConfiguration;
			buildSettings = {
				ALWAYS_EMBED_SWIFT_STANDARD_LIBRARIES = YES;
				CODE_SIGN_STYLE = Automatic;
				DEVELOPMENT_TEAM = RANVXH6BNH;
				INFOPLIST_FILE = FlashcardsUITests/Info.plist;
				LD_RUNPATH_SEARCH_PATHS = (
					"$(inherited)",
					"@executable_path/Frameworks",
					"@loader_path/Frameworks",
				);
				PRODUCT_BUNDLE_IDENTIFIER = com.dilnazzzzz.FlashcardsUITests;
				PRODUCT_NAME = "$(TARGET_NAME)";
				SWIFT_VERSION = 5.0;
				TARGETED_DEVICE_FAMILY = "1,2";
				TEST_TARGET_NAME = Flashcards;
			};
			name = Release;
		};
/* End XCBuildConfiguration section */

/* Begin XCConfigurationList section */
		9A6CF37825E1A1D3004978D8 /* Build configuration list for PBXProject "Flashcards" */ = {
			isa = XCConfigurationList;
			buildConfigurations = (
				9A6CF3A525E1A1D8004978D8 /* Debug */,
				9A6CF3A625E1A1D8004978D8 /* Release */,
			);
			defaultConfigurationIsVisible = 0;
			defaultConfigurationName = Release;
		};
		9A6CF3A725E1A1D8004978D8 /* Build configuration list for PBXNativeTarget "Flashcards" */ = {
			isa = XCConfigurationList;
			buildConfigurations = (
				9A6CF3A825E1A1D8004978D8 /* Debug */,
				9A6CF3A925E1A1D8004978D8 /* Release */,
			);
			defaultConfigurationIsVisible = 0;
			defaultConfigurationName = Release;
		};
		9A6CF3AA25E1A1D8004978D8 /* Build configuration list for PBXNativeTarget "FlashcardsTests" */ = {
			isa = XCConfigurationList;
			buildConfigurations = (
				9A6CF3AB25E1A1D8004978D8 /* Debug */,
				9A6CF3AC25E1A1D8004978D8 /* Release */,
			);
			defaultConfigurationIsVisible = 0;
			defaultConfigurationName = Release;
		};
		9A6CF3AD25E1A1D8004978D8 /* Build configuration list for PBXNativeTarget "FlashcardsUITests" */ = {
			isa = XCConfigurationList;
			buildConfigurations = (
				9A6CF3AE25E1A1D8004978D8 /* Debug */,
				9A6CF3AF25E1A1D8004978D8 /* Release */,
			);
			defaultConfigurationIsVisible = 0;
			defaultConfigurationName = Release;
		};
/* End XCConfigurationList section */
	};
	rootObject = 9A6CF37525E1A1D3004978D8 /* Project object */;
}
